<?xml version="1.0" encoding="utf-8"?>
<Project ToolsVersion="4.0" xmlns="http://schemas.microsoft.com/developer/msbuild/2003">
  <ItemGroup>
    <Filter Include="src">
      <UniqueIdentifier>{4FC737F1-C7A5-4376-A066-2A32D752A2FF}</UniqueIdentifier>
      <Extensions>cpp;c;cc;cxx;c++;cppm;ixx;def;odl;idl;hpj;bat;asm;asmx</Extensions>
    </Filter>
    <Filter Include="src\Utility">
      <UniqueIdentifier>{5394ac75-2f97-46f2-8147-cb567f1f77b3}</UniqueIdentifier>
    </Filter>
    <Filter Include="src\DllTests">
      <UniqueIdentifier>{67DA6AB6-F800-4c08-8B7A-83BB121AAD01}</UniqueIdentifier>
      <Extensions>rc;ico;cur;bmp;dlg;rc2;rct;bin;rgs;gif;jpg;jpeg;jpe;resx;tiff;tif;png;wav;mfcribbon-ms</Extensions>
    </Filter>
  </ItemGroup>
  <ItemGroup>
    <ClCompile Include="src\main.cpp">
      <Filter>src</Filter>
    </ClCompile>
    <ClCompile Include="src\Utility\FilesystemUtils.cpp">
      <Filter>src\Utility</Filter>
    </ClCompile>
    <ClCompile Include="src\Utility\StringUtils.cpp">
      <Filter>src\Utility</Filter>
    </ClCompile>
    <ClCompile Include="src\DllTests\LELineSensorStressTests.cpp">
      <Filter>src\DllTests</Filter>
    </ClCompile>
    <ClCompile Include="src\DllTests\MotionStressTests.cpp">
      <Filter>src\DllTests</Filter>
    </ClCompile>
    <ClCompile Include="src\DllTests\LELineSensorUnitTest.cpp">
      <Filter>src\DllTests</Filter>
    </ClCompile>
    <ClCompile Include="src\DllTests\MotionUnitTests.cpp">
      <Filter>src\DllTests</Filter>
    </ClCompile>
  </ItemGroup>
  <ItemGroup>
    <ClInclude Include="src\Utility\FilesystemUtils.h">
      <Filter>src\Utility</Filter>
    </ClInclude>
    <ClInclude Include="src\Utility\LEZlog.h">
      <Filter>src\Utility</Filter>
    </ClInclude>
    <ClInclude Include="src\Utility\StringUtils.h">
      <Filter>src\Utility</Filter>
    </ClInclude>
    <ClInclude Include="src\DllTests\LELineSensorTestBase.h">
      <Filter>src\DllTests</Filter>
    </ClInclude>
    <ClInclude Include="src\DllTests\MotionTestBase.h">
      <Filter>src\DllTests</Filter>
    </ClInclude>
  </ItemGroup>
</Project>